
Microsoft Visual Studio Solution File, Format Version 12.00
# Visual Studio Version 16
VisualStudioVersion = 16.0.30717.126
MinimumVisualStudioVersion = 10.0.40219.1
Project("{9A19103F-16F7-4668-BE54-9A1E7A4F7556}") = "JOANE.Web", "Group1\JOANE.Web.csproj", "{3AD8437D-7E87-4B6E-8BAA-3BC16A4781BA}"
EndProject
Project("{9A19103F-16F7-4668-BE54-9A1E7A4F7556}") = "Product.Service", "Product.Service\Product.Service.csproj", "{CC64F671-041E-439C-B651-F429B1169C9B}"
EndProject
Project("{9A19103F-16F7-4668-BE54-9A1E7A4F7556}") = "Order.Service", "Order.Service\Order.Service.csproj", "{9C71A4A6-1539-4383-86E3-E50007D7A69E}"
EndProject
Project("{9A19103F-16F7-4668-BE54-9A1E7A4F7556}") = "Products.Service.Test", "Group1.Test\Products.Service.Test.csproj", "{4838890B-0726-4336-BB28-F01544312FA1}"
EndProject
Project("{9A19103F-16F7-4668-BE54-9A1E7A4F7556}") = "Order.Service.Test", "Order.Service.Test\Order.Service.Test.csproj", "{97321AA3-B777-4945-A290-7DDD8B8CC6BA}"
EndProject
Global
	GlobalSection(SolutionConfigurationPlatforms) = preSolution
		Debug|Any CPU = Debug|Any CPU
		Release|Any CPU = Release|Any CPU
	EndGlobalSection
	GlobalSection(ProjectConfigurationPlatforms) = postSolution
		{3AD8437D-7E87-4B6E-8BAA-3BC16A4781BA}.Debug|Any CPU.ActiveCfg = Debug|Any CPU
		{3AD8437D-7E87-4B6E-8BAA-3BC16A4781BA}.Debug|Any CPU.Build.0 = Debug|Any CPU
		{3AD8437D-7E87-4B6E-8BAA-3BC16A4781BA}.Release|Any CPU.ActiveCfg = Release|Any CPU
		{3AD8437D-7E87-4B6E-8BAA-3BC16A4781BA}.Release|Any CPU.Build.0 = Release|Any CPU
		{CC64F671-041E-439C-B651-F429B1169C9B}.Debug|Any CPU.ActiveCfg = Debug|Any CPU
		{CC64F671-041E-439C-B651-F429B1169C9B}.Debug|Any CPU.Build.0 = Debug|Any CPU
		{CC64F671-041E-439C-B651-F429B1169C9B}.Release|Any CPU.ActiveCfg = Release|Any CPU
		{CC64F671-041E-439C-B651-F429B1169C9B}.Release|Any CPU.Build.0 = Release|Any CPU
		{9C71A4A6-1539-4383-86E3-E50007D7A69E}.Debug|Any CPU.ActiveCfg = Debug|Any CPU
		{9C71A4A6-1539-4383-86E3-E50007D7A69E}.Debug|Any CPU.Build.0 = Debug|Any CPU
		{9C71A4A6-1539-4383-86E3-E50007D7A69E}.Release|Any CPU.ActiveCfg = Release|Any CPU
		{9C71A4A6-1539-4383-86E3-E50007D7A69E}.Release|Any CPU.Build.0 = Release|Any CPU
		{4838890B-0726-4336-BB28-F01544312FA1}.Debug|Any CPU.ActiveCfg = Debug|Any CPU
		{4838890B-0726-4336-BB28-F01544312FA1}.Debug|Any CPU.Build.0 = Debug|Any CPU
		{4838890B-0726-4336-BB28-F01544312FA1}.Release|Any CPU.ActiveCfg = Release|Any CPU
		{4838890B-0726-4336-BB28-F01544312FA1}.Release|Any CPU.Build.0 = Release|Any CPU
		{97321AA3-B777-4945-A290-7DDD8B8CC6BA}.Debug|Any CPU.ActiveCfg = Debug|Any CPU
		{97321AA3-B777-4945-A290-7DDD8B8CC6BA}.Debug|Any CPU.Build.0 = Debug|Any CPU
		{97321AA3-B777-4945-A290-7DDD8B8CC6BA}.Release|Any CPU.ActiveCfg = Release|Any CPU
		{97321AA3-B777-4945-A290-7DDD8B8CC6BA}.Release|Any CPU.Build.0 = Release|Any CPU
	EndGlobalSection
	GlobalSection(SolutionProperties) = preSolution
		HideSolutionNode = FALSE
	EndGlobalSection
	GlobalSection(ExtensibilityGlobals) = postSolution
		SolutionGuid = {31A0B8B6-A5D4-495C-BCEB-1701F50C6B55}
	EndGlobalSection
EndGlobal
